<?xml version="1.0" encoding="utf-8"?>
<Project ToolsVersion="4.0" xmlns="http://schemas.microsoft.com/developer/msbuild/2003">
  <ItemGroup>
    <Filter Include="Source Files">
      <UniqueIdentifier>{4FC737F1-C7A5-4376-A066-2A32D752A2FF}</UniqueIdentifier>
      <Extensions>cpp;c;cc;cxx;c++;cppm;ixx;def;odl;idl;hpj;bat;asm;asmx</Extensions>
    </Filter>
    <Filter Include="Header Files">
      <UniqueIdentifier>{93995380-89BD-4b04-88EB-625FBE52EBFB}</UniqueIdentifier>
      <Extensions>h;hh;hpp;hxx;h++;hm;inl;inc;ipp;xsd</Extensions>
    </Filter>
    <Filter Include="Resource Files">
      <UniqueIdentifier>{67DA6AB6-F800-4c08-8B7A-83BB121AAD01}</UniqueIdentifier>
      <Extensions>rc;ico;cur;bmp;dlg;rc2;rct;bin;rgs;gif;jpg;jpeg;jpe;resx;tiff;tif;png;wav;mfcribbon-ms</Extensions>
    </Filter>
    <Filter Include="Thirdparty">
      <UniqueIdentifier>{fd4438d3-e0b4-4fb8-af11-20aeeeded7ed}</UniqueIdentifier>
    </Filter>
    <Filter Include="Thirdparty\hde">
      <UniqueIdentifier>{0a48225c-c2b6-40aa-93f0-3bf376e7046f}</UniqueIdentifier>
    </Filter>
    <Filter Include="Thirdparty\MinHook">
      <UniqueIdentifier>{ddc77cfb-7762-4e89-a78b-dfb6016ee0b6}</UniqueIdentifier>
    </Filter>
  </ItemGroup>
  <ItemGroup>
    <ClCompile Include="MemoryTools.cpp">
      <Filter>Source Files</Filter>
    </ClCompile>
    <ClCompile Include="MemoryToolsEx.cpp">
      <Filter>Source Files</Filter>
    </ClCompile>
    <ClCompile Include="WindowsRebuild.cpp">
      <Filter>Source Files</Filter>
    </ClCompile>
    <ClCompile Include="ThirdParty\hde\hde32.c">
      <Filter>Thirdparty\hde</Filter>
    </ClCompile>
    <ClCompile Include="ThirdParty\hde\hde64.c">
      <Filter>Thirdparty\hde</Filter>
    </ClCompile>
    <ClCompile Include="ThirdParty\MinHook\buffer.c">
      <Filter>Thirdparty\MinHook</Filter>
    </ClCompile>
    <ClCompile Include="ThirdParty\MinHook\hook.c">
      <Filter>Thirdparty\MinHook</Filter>
    </ClCompile>
    <ClCompile Include="ThirdParty\MinHook\trampoline.c">
      <Filter>Thirdparty\MinHook</Filter>
    </ClCompile>
  </ItemGroup>
  <ItemGroup>
    <ClInclude Include="MemoryTools.h">
      <Filter>Header Files</Filter>
    </ClInclude>
    <ClInclude Include="WindowsRebuild.h">
      <Filter>Header Files</Filter>
    </ClInclude>
    <ClInclude Include="ThirdParty\hde\hde32.h">
      <Filter>Thirdparty\hde</Filter>
    </ClInclude>
    <ClInclude Include="ThirdParty\hde\hde64.h">
      <Filter>Thirdparty\hde</Filter>
    </ClInclude>
    <ClInclude Include="ThirdParty\hde\pstdint.h">
      <Filter>Thirdparty\hde</Filter>
    </ClInclude>
    <ClInclude Include="ThirdParty\hde\table32.h">
      <Filter>Thirdparty\hde</Filter>
    </ClInclude>
    <ClInclude Include="ThirdParty\hde\table64.h">
      <Filter>Thirdparty\hde</Filter>
    </ClInclude>
    <ClInclude Include="ThirdParty\MinHook\buffer.h">
      <Filter>Thirdparty\MinHook</Filter>
    </ClInclude>
    <ClInclude Include="ThirdParty\MinHook\MinHook.h">
      <Filter>Thirdparty\MinHook</Filter>
    </ClInclude>
    <ClInclude Include="ThirdParty\MinHook\trampoline.h">
      <Filter>Thirdparty\MinHook</Filter>
    </ClInclude>
  </ItemGroup>
</Project>